// !$*UTF8*$!
{
	archiveVersion = 1;
	classes = {
	};
	objectVersion = 56;
	objects = {

/* Begin PBXBuildFile section */
		3402909429A601380042D4AC /* UserImageView.swift in Sources */ = {isa = PBXBuildFile; fileRef = 3402909329A601380042D4AC /* UserImageView.swift */; };
		3402909629A6018E0042D4AC /* UserImageViewModel.swift in Sources */ = {isa = PBXBuildFile; fileRef = 3402909529A6018E0042D4AC /* UserImageViewModel.swift */; };
		34175E3229A3D98B0019B816 /* BookRouter.swift in Sources */ = {isa = PBXBuildFile; fileRef = 34175E3129A3D98B0019B816 /* BookRouter.swift */; };
		34175E3529A3DC640019B816 /* Book.swift in Sources */ = {isa = PBXBuildFile; fileRef = 34175E3429A3DC640019B816 /* Book.swift */; };
		34175E3829A3E6980019B816 /* HomeViewModel.swift in Sources */ = {isa = PBXBuildFile; fileRef = 34175E3729A3E6980019B816 /* HomeViewModel.swift */; };
		34175E3A29A4703C0019B816 /* MainView.swift in Sources */ = {isa = PBXBuildFile; fileRef = 34175E3929A4703C0019B816 /* MainView.swift */; };
		3426BD7529A62797001809D5 /* CategoryView.swift in Sources */ = {isa = PBXBuildFile; fileRef = 3426BD7429A62797001809D5 /* CategoryView.swift */; };
		3426BD7729A6289E001809D5 /* BookView.swift in Sources */ = {isa = PBXBuildFile; fileRef = 3426BD7629A6289E001809D5 /* BookView.swift */; };
		345CA28B29A3240D00A977D4 /* BookGemApp.swift in Sources */ = {isa = PBXBuildFile; fileRef = 345CA28A29A3240D00A977D4 /* BookGemApp.swift */; };
		345CA28D29A3240D00A977D4 /* ContentView.swift in Sources */ = {isa = PBXBuildFile; fileRef = 345CA28C29A3240D00A977D4 /* ContentView.swift */; };
		345CA28F29A3240F00A977D4 /* Assets.xcassets in Resources */ = {isa = PBXBuildFile; fileRef = 345CA28E29A3240F00A977D4 /* Assets.xcassets */; };
		345CA29229A3240F00A977D4 /* Preview Assets.xcassets in Resources */ = {isa = PBXBuildFile; fileRef = 345CA29129A3240F00A977D4 /* Preview Assets.xcassets */; };
		345CA29B29A3248200A977D4 /* NetworkService.swift in Sources */ = {isa = PBXBuildFile; fileRef = 345CA29A29A3248200A977D4 /* NetworkService.swift */; };
		345CA29E29A326FB00A977D4 /* StatusCode.swift in Sources */ = {isa = PBXBuildFile; fileRef = 345CA29D29A326FB00A977D4 /* StatusCode.swift */; };
		345CA2A029A3282200A977D4 /* NetworkErrors.swift in Sources */ = {isa = PBXBuildFile; fileRef = 345CA29F29A3282200A977D4 /* NetworkErrors.swift */; };
		345CA2A229A3287200A977D4 /* HttpMethod.swift in Sources */ = {isa = PBXBuildFile; fileRef = 345CA2A129A3287200A977D4 /* HttpMethod.swift */; };
		345CA2A429A328AC00A977D4 /* HttpHeader.swift in Sources */ = {isa = PBXBuildFile; fileRef = 345CA2A329A328AC00A977D4 /* HttpHeader.swift */; };
		345CA2A729A32A5600A977D4 /* FailureModel.swift in Sources */ = {isa = PBXBuildFile; fileRef = 345CA2A629A32A5600A977D4 /* FailureModel.swift */; };
		345CA2A929A32B3700A977D4 /* ProResult.swift in Sources */ = {isa = PBXBuildFile; fileRef = 345CA2A829A32B3700A977D4 /* ProResult.swift */; };
		345CA2AB29A32C3C00A977D4 /* BaseRouter.swift in Sources */ = {isa = PBXBuildFile; fileRef = 345CA2AA29A32C3C00A977D4 /* BaseRouter.swift */; };
		345CA2AD29A33F6200A977D4 /* HomeView.swift in Sources */ = {isa = PBXBuildFile; fileRef = 345CA2AC29A33F6200A977D4 /* HomeView.swift */; };
		34AD1EAD29A4CA35002ABC3D /* CustomTabView.swift in Sources */ = {isa = PBXBuildFile; fileRef = 34AD1EAC29A4CA35002ABC3D /* CustomTabView.swift */; };
		34AD1EAF29A4CA77002ABC3D /* FavoritesView.swift in Sources */ = {isa = PBXBuildFile; fileRef = 34AD1EAE29A4CA77002ABC3D /* FavoritesView.swift */; };
		34AD1EB129A4CABF002ABC3D /* ProfileView.swift in Sources */ = {isa = PBXBuildFile; fileRef = 34AD1EB029A4CABF002ABC3D /* ProfileView.swift */; };
		34AD1EB329A4CAE8002ABC3D /* BookCategoryView.swift in Sources */ = {isa = PBXBuildFile; fileRef = 34AD1EB229A4CAE8002ABC3D /* BookCategoryView.swift */; };
		34B6262C29A5EBC500CB5733 /* SavedBookView.swift in Sources */ = {isa = PBXBuildFile; fileRef = 34B6262B29A5EBC500CB5733 /* SavedBookView.swift */; };
		34F157E529A729F30092FBF7 /* CategoryViewModel.swift in Sources */ = {isa = PBXBuildFile; fileRef = 34F157E429A729F30092FBF7 /* CategoryViewModel.swift */; };
/* End PBXBuildFile section */

/* Begin PBXFileReference section */
		3402909329A601380042D4AC /* UserImageView.swift */ = {isa = PBXFileReference; lastKnownFileType = sourcecode.swift; path = UserImageView.swift; sourceTree = "<group>"; };
		3402909529A6018E0042D4AC /* UserImageViewModel.swift */ = {isa = PBXFileReference; lastKnownFileType = sourcecode.swift; path = UserImageViewModel.swift; sourceTree = "<group>"; };
		34175E3129A3D98B0019B816 /* BookRouter.swift */ = {isa = PBXFileReference; lastKnownFileType = sourcecode.swift; path = BookRouter.swift; sourceTree = "<group>"; };
		34175E3429A3DC640019B816 /* Book.swift */ = {isa = PBXFileReference; lastKnownFileType = sourcecode.swift; path = Book.swift; sourceTree = "<group>"; };
		34175E3729A3E6980019B816 /* HomeViewModel.swift */ = {isa = PBXFileReference; lastKnownFileType = sourcecode.swift; path = HomeViewModel.swift; sourceTree = "<group>"; };
		34175E3929A4703C0019B816 /* MainView.swift */ = {isa = PBXFileReference; lastKnownFileType = sourcecode.swift; path = MainView.swift; sourceTree = "<group>"; };
		3426BD7429A62797001809D5 /* CategoryView.swift */ = {isa = PBXFileReference; lastKnownFileType = sourcecode.swift; path = CategoryView.swift; sourceTree = "<group>"; };
		3426BD7629A6289E001809D5 /* BookView.swift */ = {isa = PBXFileReference; lastKnownFileType = sourcecode.swift; path = BookView.swift; sourceTree = "<group>"; };
		345CA28729A3240D00A977D4 /* BookGem.app */ = {isa = PBXFileReference; explicitFileType = wrapper.application; includeInIndex = 0; path = BookGem.app; sourceTree = BUILT_PRODUCTS_DIR; };
		345CA28A29A3240D00A977D4 /* BookGemApp.swift */ = {isa = PBXFileReference; lastKnownFileType = sourcecode.swift; path = BookGemApp.swift; sourceTree = "<group>"; };
		345CA28C29A3240D00A977D4 /* ContentView.swift */ = {isa = PBXFileReference; lastKnownFileType = sourcecode.swift; path = ContentView.swift; sourceTree = "<group>"; };
		345CA28E29A3240F00A977D4 /* Assets.xcassets */ = {isa = PBXFileReference; lastKnownFileType = folder.assetcatalog; path = Assets.xcassets; sourceTree = "<group>"; };
		345CA29129A3240F00A977D4 /* Preview Assets.xcassets */ = {isa = PBXFileReference; lastKnownFileType = folder.assetcatalog; path = "Preview Assets.xcassets"; sourceTree = "<group>"; };
		345CA29A29A3248200A977D4 /* NetworkService.swift */ = {isa = PBXFileReference; lastKnownFileType = sourcecode.swift; path = NetworkService.swift; sourceTree = "<group>"; };
		345CA29D29A326FB00A977D4 /* StatusCode.swift */ = {isa = PBXFileReference; lastKnownFileType = sourcecode.swift; path = StatusCode.swift; sourceTree = "<group>"; };
		345CA29F29A3282200A977D4 /* NetworkErrors.swift */ = {isa = PBXFileReference; lastKnownFileType = sourcecode.swift; path = NetworkErrors.swift; sourceTree = "<group>"; };
		345CA2A129A3287200A977D4 /* HttpMethod.swift */ = {isa = PBXFileReference; lastKnownFileType = sourcecode.swift; path = HttpMethod.swift; sourceTree = "<group>"; };
		345CA2A329A328AC00A977D4 /* HttpHeader.swift */ = {isa = PBXFileReference; lastKnownFileType = sourcecode.swift; path = HttpHeader.swift; sourceTree = "<group>"; };
		345CA2A629A32A5600A977D4 /* FailureModel.swift */ = {isa = PBXFileReference; lastKnownFileType = sourcecode.swift; path = FailureModel.swift; sourceTree = "<group>"; };
		345CA2A829A32B3700A977D4 /* ProResult.swift */ = {isa = PBXFileReference; lastKnownFileType = sourcecode.swift; path = ProResult.swift; sourceTree = "<group>"; };
		345CA2AA29A32C3C00A977D4 /* BaseRouter.swift */ = {isa = PBXFileReference; lastKnownFileType = sourcecode.swift; path = BaseRouter.swift; sourceTree = "<group>"; };
		345CA2AC29A33F6200A977D4 /* HomeView.swift */ = {isa = PBXFileReference; lastKnownFileType = sourcecode.swift; path = HomeView.swift; sourceTree = "<group>"; };
		34AD1EAC29A4CA35002ABC3D /* CustomTabView.swift */ = {isa = PBXFileReference; lastKnownFileType = sourcecode.swift; path = CustomTabView.swift; sourceTree = "<group>"; };
		34AD1EAE29A4CA77002ABC3D /* FavoritesView.swift */ = {isa = PBXFileReference; lastKnownFileType = sourcecode.swift; path = FavoritesView.swift; sourceTree = "<group>"; };
		34AD1EB029A4CABF002ABC3D /* ProfileView.swift */ = {isa = PBXFileReference; lastKnownFileType = sourcecode.swift; path = ProfileView.swift; sourceTree = "<group>"; };
		34AD1EB229A4CAE8002ABC3D /* BookCategoryView.swift */ = {isa = PBXFileReference; lastKnownFileType = sourcecode.swift; path = BookCategoryView.swift; sourceTree = "<group>"; };
		34B6262B29A5EBC500CB5733 /* SavedBookView.swift */ = {isa = PBXFileReference; lastKnownFileType = sourcecode.swift; path = SavedBookView.swift; sourceTree = "<group>"; };
		34F157E429A729F30092FBF7 /* CategoryViewModel.swift */ = {isa = PBXFileReference; lastKnownFileType = sourcecode.swift; path = CategoryViewModel.swift; sourceTree = "<group>"; };
/* End PBXFileReference section */

/* Begin PBXFrameworksBuildPhase section */
		345CA28429A3240D00A977D4 /* Frameworks */ = {
			isa = PBXFrameworksBuildPhase;
			buildActionMask = 2147483647;
			files = (
			);
			runOnlyForDeploymentPostprocessing = 0;
		};
/* End PBXFrameworksBuildPhase section */

/* Begin PBXGroup section */
		34175E3029A3D97D0019B816 /* Routers */ = {
			isa = PBXGroup;
			children = (
				34175E3129A3D98B0019B816 /* BookRouter.swift */,
			);
			path = Routers;
			sourceTree = "<group>";
		};
		34175E3329A3DC560019B816 /* Model */ = {
			isa = PBXGroup;
			children = (
				34175E3429A3DC640019B816 /* Book.swift */,
			);
			path = Model;
			sourceTree = "<group>";
		};
		34175E3629A3E66B0019B816 /* ViewModel */ = {
			isa = PBXGroup;
			children = (
				34175E3729A3E6980019B816 /* HomeViewModel.swift */,
				3402909529A6018E0042D4AC /* UserImageViewModel.swift */,
				34F157E429A729F30092FBF7 /* CategoryViewModel.swift */,
			);
			path = ViewModel;
			sourceTree = "<group>";
		};
		345CA27E29A3240D00A977D4 = {
			isa = PBXGroup;
			children = (
				345CA28929A3240D00A977D4 /* BookGem */,
				345CA28829A3240D00A977D4 /* Products */,
			);
			sourceTree = "<group>";
		};
		345CA28829A3240D00A977D4 /* Products */ = {
			isa = PBXGroup;
			children = (
				345CA28729A3240D00A977D4 /* BookGem.app */,
			);
			name = Products;
			sourceTree = "<group>";
		};
		345CA28929A3240D00A977D4 /* BookGem */ = {
			isa = PBXGroup;
			children = (
				34AD1EAB29A4CA1B002ABC3D /* Views */,
				34175E3629A3E66B0019B816 /* ViewModel */,
				34175E3329A3DC560019B816 /* Model */,
				345CA29829A3245900A977D4 /* Services */,
				345CA28A29A3240D00A977D4 /* BookGemApp.swift */,
				345CA28C29A3240D00A977D4 /* ContentView.swift */,
				345CA28E29A3240F00A977D4 /* Assets.xcassets */,
				345CA29029A3240F00A977D4 /* Preview Content */,
			);
			path = BookGem;
			sourceTree = "<group>";
		};
		345CA29029A3240F00A977D4 /* Preview Content */ = {
			isa = PBXGroup;
			children = (
				345CA29129A3240F00A977D4 /* Preview Assets.xcassets */,
			);
			path = "Preview Content";
			sourceTree = "<group>";
		};
		345CA29829A3245900A977D4 /* Services */ = {
			isa = PBXGroup;
			children = (
				345CA29929A3247200A977D4 /* Network */,
			);
			path = Services;
			sourceTree = "<group>";
		};
		345CA29929A3247200A977D4 /* Network */ = {
			isa = PBXGroup;
			children = (
				34175E3029A3D97D0019B816 /* Routers */,
				345CA29C29A3265F00A977D4 /* NetworkComponents */,
			);
			path = Network;
			sourceTree = "<group>";
		};
		345CA29C29A3265F00A977D4 /* NetworkComponents */ = {
			isa = PBXGroup;
			children = (
				345CA29A29A3248200A977D4 /* NetworkService.swift */,
				345CA2AA29A32C3C00A977D4 /* BaseRouter.swift */,
				345CA2A529A328F100A977D4 /* FailureModel */,
				345CA29D29A326FB00A977D4 /* StatusCode.swift */,
				345CA29F29A3282200A977D4 /* NetworkErrors.swift */,
				345CA2A129A3287200A977D4 /* HttpMethod.swift */,
				345CA2A329A328AC00A977D4 /* HttpHeader.swift */,
				345CA2A829A32B3700A977D4 /* ProResult.swift */,
			);
			path = NetworkComponents;
			sourceTree = "<group>";
		};
		345CA2A529A328F100A977D4 /* FailureModel */ = {
			isa = PBXGroup;
			children = (
				345CA2A629A32A5600A977D4 /* FailureModel.swift */,
			);
			path = FailureModel;
			sourceTree = "<group>";
		};
		347A696C29A5F949006CD0E7 /* Components */ = {
			isa = PBXGroup;
			children = (
				3402909329A601380042D4AC /* UserImageView.swift */,
				3426BD7429A62797001809D5 /* CategoryView.swift */,
				3426BD7629A6289E001809D5 /* BookView.swift */,
			);
			path = Components;
			sourceTree = "<group>";
		};
		34AD1EAB29A4CA1B002ABC3D /* Views */ = {
			isa = PBXGroup;
			children = (
				347A696C29A5F949006CD0E7 /* Components */,
				34175E3929A4703C0019B816 /* MainView.swift */,
				345CA2AC29A33F6200A977D4 /* HomeView.swift */,
				34AD1EAC29A4CA35002ABC3D /* CustomTabView.swift */,
				34AD1EAE29A4CA77002ABC3D /* FavoritesView.swift */,
				34AD1EB029A4CABF002ABC3D /* ProfileView.swift */,
				34AD1EB229A4CAE8002ABC3D /* BookCategoryView.swift */,
				34B6262B29A5EBC500CB5733 /* SavedBookView.swift */,
			);
			path = Views;
			sourceTree = "<group>";
		};
/* End PBXGroup section */

/* Begin PBXNativeTarget section */
		345CA28629A3240D00A977D4 /* BookGem */ = {
			isa = PBXNativeTarget;
			buildConfigurationList = 345CA29529A3240F00A977D4 /* Build configuration list for PBXNativeTarget "BookGem" */;
			buildPhases = (
				345CA28329A3240D00A977D4 /* Sources */,
				345CA28429A3240D00A977D4 /* Frameworks */,
				345CA28529A3240D00A977D4 /* Resources */,
			);
			buildRules = (
			);
			dependencies = (
			);
			name = BookGem;
			productName = BookGem;
			productReference = 345CA28729A3240D00A977D4 /* BookGem.app */;
			productType = "com.apple.product-type.application";
		};
/* End PBXNativeTarget section */

/* Begin PBXProject section */
		345CA27F29A3240D00A977D4 /* Project object */ = {
			isa = PBXProject;
			attributes = {
				BuildIndependentTargetsInParallel = 1;
				LastSwiftUpdateCheck = 1400;
				LastUpgradeCheck = 1400;
				TargetAttributes = {
					345CA28629A3240D00A977D4 = {
						CreatedOnToolsVersion = 14.0;
					};
				};
			};
			buildConfigurationList = 345CA28229A3240D00A977D4 /* Build configuration list for PBXProject "BookGem" */;
			compatibilityVersion = "Xcode 14.0";
			developmentRegion = en;
			hasScannedForEncodings = 0;
			knownRegions = (
				en,
				Base,
			);
			mainGroup = 345CA27E29A3240D00A977D4;
			productRefGroup = 345CA28829A3240D00A977D4 /* Products */;
			projectDirPath = "";
			projectRoot = "";
			targets = (
				345CA28629A3240D00A977D4 /* BookGem */,
			);
		};
/* End PBXProject section */

/* Begin PBXResourcesBuildPhase section */
		345CA28529A3240D00A977D4 /* Resources */ = {
			isa = PBXResourcesBuildPhase;
			buildActionMask = 2147483647;
			files = (
				345CA29229A3240F00A977D4 /* Preview Assets.xcassets in Resources */,
				345CA28F29A3240F00A977D4 /* Assets.xcassets in Resources */,
			);
			runOnlyForDeploymentPostprocessing = 0;
		};
/* End PBXResourcesBuildPhase section */

/* Begin PBXSourcesBuildPhase section */
		345CA28329A3240D00A977D4 /* Sources */ = {
			isa = PBXSourcesBuildPhase;
			buildActionMask = 2147483647;
			files = (
				345CA28D29A3240D00A977D4 /* ContentView.swift in Sources */,
				34AD1EAF29A4CA77002ABC3D /* FavoritesView.swift in Sources */,
				345CA29B29A3248200A977D4 /* NetworkService.swift in Sources */,
				345CA2A029A3282200A977D4 /* NetworkErrors.swift in Sources */,
				34AD1EB329A4CAE8002ABC3D /* BookCategoryView.swift in Sources */,
				345CA29E29A326FB00A977D4 /* StatusCode.swift in Sources */,
				345CA2A229A3287200A977D4 /* HttpMethod.swift in Sources */,
				345CA2A929A32B3700A977D4 /* ProResult.swift in Sources */,
				345CA28B29A3240D00A977D4 /* BookGemApp.swift in Sources */,
				34175E3229A3D98B0019B816 /* BookRouter.swift in Sources */,
				345CA2AD29A33F6200A977D4 /* HomeView.swift in Sources */,
				34AD1EB129A4CABF002ABC3D /* ProfileView.swift in Sources */,
				34175E3829A3E6980019B816 /* HomeViewModel.swift in Sources */,
				345CA2AB29A32C3C00A977D4 /* BaseRouter.swift in Sources */,
				34AD1EAD29A4CA35002ABC3D /* CustomTabView.swift in Sources */,
				3426BD7729A6289E001809D5 /* BookView.swift in Sources */,
				3402909429A601380042D4AC /* UserImageView.swift in Sources */,
				34F157E529A729F30092FBF7 /* CategoryViewModel.swift in Sources */,
				34B6262C29A5EBC500CB5733 /* SavedBookView.swift in Sources */,
				3402909629A6018E0042D4AC /* UserImageViewModel.swift in Sources */,
				3426BD7529A62797001809D5 /* CategoryView.swift in Sources */,
				345CA2A729A32A5600A977D4 /* FailureModel.swift in Sources */,
				34175E3529A3DC640019B816 /* Book.swift in Sources */,
				34175E3A29A4703C0019B816 /* MainView.swift in Sources */,
				345CA2A429A328AC00A977D4 /* HttpHeader.swift in Sources */,
			);
			runOnlyForDeploymentPostprocessing = 0;
		};
/* End PBXSourcesBuildPhase section */

/* Begin XCBuildConfiguration section */
		345CA29329A3240F00A977D4 /* Debug */ = {
			isa = XCBuildConfiguration;
			buildSettings = {
				ALWAYS_SEARCH_USER_PATHS = NO;
				CLANG_ANALYZER_NONNULL = YES;
				CLANG_ANALYZER_NUMBER_OBJECT_CONVERSION = YES_AGGRESSIVE;
				CLANG_CXX_LANGUAGE_STANDARD = "gnu++20";
				CLANG_ENABLE_MODULES = YES;
				CLANG_ENABLE_OBJC_ARC = YES;
				CLANG_ENABLE_OBJC_WEAK = YES;
				CLANG_WARN_BLOCK_CAPTURE_AUTORELEASING = YES;
				CLANG_WARN_BOOL_CONVERSION = YES;
				CLANG_WARN_COMMA = YES;
				CLANG_WARN_CONSTANT_CONVERSION = YES;
				CLANG_WARN_DEPRECATED_OBJC_IMPLEMENTATIONS = YES;
				CLANG_WARN_DIRECT_OBJC_ISA_USAGE = YES_ERROR;
				CLANG_WARN_DOCUMENTATION_COMMENTS = YES;
				CLANG_WARN_EMPTY_BODY = YES;
				CLANG_WARN_ENUM_CONVERSION = YES;
				CLANG_WARN_INFINITE_RECURSION = YES;
				CLANG_WARN_INT_CONVERSION = YES;
				CLANG_WARN_NON_LITERAL_NULL_CONVERSION = YES;
				CLANG_WARN_OBJC_IMPLICIT_RETAIN_SELF = YES;
				CLANG_WARN_OBJC_LITERAL_CONVERSION = YES;
				CLANG_WARN_OBJC_ROOT_CLASS = YES_ERROR;
				CLANG_WARN_QUOTED_INCLUDE_IN_FRAMEWORK_HEADER = YES;
				CLANG_WARN_RANGE_LOOP_ANALYSIS = YES;
				CLANG_WARN_STRICT_PROTOTYPES = YES;
				CLANG_WARN_SUSPICIOUS_MOVE = YES;
				CLANG_WARN_UNGUARDED_AVAILABILITY = YES_AGGRESSIVE;
				CLANG_WARN_UNREACHABLE_CODE = YES;
				CLANG_WARN__DUPLICATE_METHOD_MATCH = YES;
				COPY_PHASE_STRIP = NO;
				DEBUG_INFORMATION_FORMAT = dwarf;
				ENABLE_STRICT_OBJC_MSGSEND = YES;
				ENABLE_TESTABILITY = YES;
				GCC_C_LANGUAGE_STANDARD = gnu11;
				GCC_DYNAMIC_NO_PIC = NO;
				GCC_NO_COMMON_BLOCKS = YES;
				GCC_OPTIMIZATION_LEVEL = 0;
				GCC_PREPROCESSOR_DEFINITIONS = (
					"DEBUG=1",
					"$(inherited)",
				);
				GCC_WARN_64_TO_32_BIT_CONVERSION = YES;
				GCC_WARN_ABOUT_RETURN_TYPE = YES_ERROR;
				GCC_WARN_UNDECLARED_SELECTOR = YES;
				GCC_WARN_UNINITIALIZED_AUTOS = YES_AGGRESSIVE;
				GCC_WARN_UNUSED_FUNCTION = YES;
				GCC_WARN_UNUSED_VARIABLE = YES;
				IPHONEOS_DEPLOYMENT_TARGET = 16.0;
				MTL_ENABLE_DEBUG_INFO = INCLUDE_SOURCE;
				MTL_FAST_MATH = YES;
				ONLY_ACTIVE_ARCH = YES;
				SDKROOT = iphoneos;
				SWIFT_ACTIVE_COMPILATION_CONDITIONS = DEBUG;
				SWIFT_OPTIMIZATION_LEVEL = "-Onone";
			};
			name = Debug;
		};
		345CA29429A3240F00A977D4 /* Release */ = {
			isa = XCBuildConfiguration;
			buildSettings = {
				ALWAYS_SEARCH_USER_PATHS = NO;
				CLANG_ANALYZER_NONNULL = YES;
				CLANG_ANALYZER_NUMBER_OBJECT_CONVERSION = YES_AGGRESSIVE;
				CLANG_CXX_LANGUAGE_STANDARD = "gnu++20";
				CLANG_ENABLE_MODULES = YES;
				CLANG_ENABLE_OBJC_ARC = YES;
				CLANG_ENABLE_OBJC_WEAK = YES;
				CLANG_WARN_BLOCK_CAPTURE_AUTORELEASING = YES;
				CLANG_WARN_BOOL_CONVERSION = YES;
				CLANG_WARN_COMMA = YES;
				CLANG_WARN_CONSTANT_CONVERSION = YES;
				CLANG_WARN_DEPRECATED_OBJC_IMPLEMENTATIONS = YES;
				CLANG_WARN_DIRECT_OBJC_ISA_USAGE = YES_ERROR;
				CLANG_WARN_DOCUMENTATION_COMMENTS = YES;
				CLANG_WARN_EMPTY_BODY = YES;
				CLANG_WARN_ENUM_CONVERSION = YES;
				CLANG_WARN_INFINITE_RECURSION = YES;
				CLANG_WARN_INT_CONVERSION = YES;
				CLANG_WARN_NON_LITERAL_NULL_CONVERSION = YES;
				CLANG_WARN_OBJC_IMPLICIT_RETAIN_SELF = YES;
				CLANG_WARN_OBJC_LITERAL_CONVERSION = YES;
				CLANG_WARN_OBJC_ROOT_CLASS = YES_ERROR;
				CLANG_WARN_QUOTED_INCLUDE_IN_FRAMEWORK_HEADER = YES;
				CLANG_WARN_RANGE_LOOP_ANALYSIS = YES;
				CLANG_WARN_STRICT_PROTOTYPES = YES;
				CLANG_WARN_SUSPICIOUS_MOVE = YES;
				CLANG_WARN_UNGUARDED_AVAILABILITY = YES_AGGRESSIVE;
				CLANG_WARN_UNREACHABLE_CODE = YES;
				CLANG_WARN__DUPLICATE_METHOD_MATCH = YES;
				COPY_PHASE_STRIP = NO;
				DEBUG_INFORMATION_FORMAT = "dwarf-with-dsym";
				ENABLE_NS_ASSERTIONS = NO;
				ENABLE_STRICT_OBJC_MSGSEND = YES;
				GCC_C_LANGUAGE_STANDARD = gnu11;
				GCC_NO_COMMON_BLOCKS = YES;
				GCC_WARN_64_TO_32_BIT_CONVERSION = YES;
				GCC_WARN_ABOUT_RETURN_TYPE = YES_ERROR;
				GCC_WARN_UNDECLARED_SELECTOR = YES;
				GCC_WARN_UNINITIALIZED_AUTOS = YES_AGGRESSIVE;
				GCC_WARN_UNUSED_FUNCTION = YES;
				GCC_WARN_UNUSED_VARIABLE = YES;
				IPHONEOS_DEPLOYMENT_TARGET = 16.0;
				MTL_ENABLE_DEBUG_INFO = NO;
				MTL_FAST_MATH = YES;
				SDKROOT = iphoneos;
				SWIFT_COMPILATION_MODE = wholemodule;
				SWIFT_OPTIMIZATION_LEVEL = "-O";
				VALIDATE_PRODUCT = YES;
			};
			name = Release;
		};
		345CA29629A3240F00A977D4 /* Debug */ = {
			isa = XCBuildConfiguration;
			buildSettings = {
				ASSETCATALOG_COMPILER_APPICON_NAME = AppIcon;
				ASSETCATALOG_COMPILER_GLOBAL_ACCENT_COLOR_NAME = AccentColor;
				CODE_SIGN_STYLE = Automatic;
				CURRENT_PROJECT_VERSION = 1;
				DEVELOPMENT_ASSET_PATHS = "\"BookGem/Preview Content\"";
				DEVELOPMENT_TEAM = 8244FLRS75;
				ENABLE_PREVIEWS = YES;
				GENERATE_INFOPLIST_FILE = YES;
				INFOPLIST_KEY_UIApplicationSceneManifest_Generation = YES;
				INFOPLIST_KEY_UIApplicationSupportsIndirectInputEvents = YES;
				INFOPLIST_KEY_UILaunchScreen_Generation = YES;
				INFOPLIST_KEY_UISupportedInterfaceOrientations_iPad = "UIInterfaceOrientationPortrait UIInterfaceOrientationPortraitUpsideDown UIInterfaceOrientationLandscapeLeft UIInterfaceOrientationLandscapeRight";
				INFOPLIST_KEY_UISupportedInterfaceOrientations_iPhone = "UIInterfaceOrientationPortrait UIInterfaceOrientationLandscapeLeft UIInterfaceOrientationLandscapeRight";
				LD_RUNPATH_SEARCH_PATHS = (
					"$(inherited)",
					"@executable_path/Frameworks",
				);
				MARKETING_VERSION = 1.0;
				PRODUCT_BUNDLE_IDENTIFIER = come.aselZhumalieva.BookGem;
				PRODUCT_NAME = "$(TARGET_NAME)";
				SWIFT_EMIT_LOC_STRINGS = YES;
				SWIFT_VERSION = 5.0;
				TARGETED_DEVICE_FAMILY = "1,2";
			};
			name = Debug;
		};
		345CA29729A3240F00A977D4 /* Release */ = {
			isa = XCBuildConfiguration;
			buildSettings = {
				ASSETCATALOG_COMPILER_APPICON_NAME = AppIcon;
				ASSETCATALOG_COMPILER_GLOBAL_ACCENT_COLOR_NAME = AccentColor;
				CODE_SIGN_STYLE = Automatic;
				CURRENT_PROJECT_VERSION = 1;
				DEVELOPMENT_ASSET_PATHS = "\"BookGem/Preview Content\"";
				DEVELOPMENT_TEAM = 8244FLRS75;
				ENABLE_PREVIEWS = YES;
				GENERATE_INFOPLIST_FILE = YES;
				INFOPLIST_KEY_UIApplicationSceneManifest_Generation = YES;
				INFOPLIST_KEY_UIApplicationSupportsIndirectInputEvents = YES;
				INFOPLIST_KEY_UILaunchScreen_Generation = YES;
				INFOPLIST_KEY_UISupportedInterfaceOrientations_iPad = "UIInterfaceOrientationPortrait UIInterfaceOrientationPortraitUpsideDown UIInterfaceOrientationLandscapeLeft UIInterfaceOrientationLandscapeRight";
				INFOPLIST_KEY_UISupportedInterfaceOrientations_iPhone = "UIInterfaceOrientationPortrait UIInterfaceOrientationLandscapeLeft UIInterfaceOrientationLandscapeRight";
				LD_RUNPATH_SEARCH_PATHS = (
					"$(inherited)",
					"@executable_path/Frameworks",
				);
				MARKETING_VERSION = 1.0;
				PRODUCT_BUNDLE_IDENTIFIER = come.aselZhumalieva.BookGem;
				PRODUCT_NAME = "$(TARGET_NAME)";
				SWIFT_EMIT_LOC_STRINGS = YES;
				SWIFT_VERSION = 5.0;
				TARGETED_DEVICE_FAMILY = "1,2";
			};
			name = Release;
		};
/* End XCBuildConfiguration section */

/* Begin XCConfigurationList section */
		345CA28229A3240D00A977D4 /* Build configuration list for PBXProject "BookGem" */ = {
			isa = XCConfigurationList;
			buildConfigurations = (
				345CA29329A3240F00A977D4 /* Debug */,
				345CA29429A3240F00A977D4 /* Release */,
			);
			defaultConfigurationIsVisible = 0;
			defaultConfigurationName = Release;
		};
		345CA29529A3240F00A977D4 /* Build configuration list for PBXNativeTarget "BookGem" */ = {
			isa = XCConfigurationList;
			buildConfigurations = (
				345CA29629A3240F00A977D4 /* Debug */,
				345CA29729A3240F00A977D4 /* Release */,
			);
			defaultConfigurationIsVisible = 0;
			defaultConfigurationName = Release;
		};
/* End XCConfigurationList section */
	};
	rootObject = 345CA27F29A3240D00A977D4 /* Project object */;
}
